
Microsoft Visual Studio Solution File, Format Version 12.00
# Visual Studio Version 17
VisualStudioVersion = 17.9.34723.18
MinimumVisualStudioVersion = 10.0.40219.1
Project("{FAE04EC0-301F-11D3-BF4B-00C04F79EFBC}") = "herencia", "herencia.csproj", "{55E7B1AE-B3BA-4869-8374-2D90AD4A7ADF}"
EndProject
Global
	GlobalSection(SolutionConfigurationPlatforms) = preSolution
		Debug|Any CPU = Debug|Any CPU
		Release|Any CPU = Release|Any CPU
	EndGlobalSection
	GlobalSection(ProjectConfigurationPlatforms) = postSolution
		{55E7B1AE-B3BA-4869-8374-2D90AD4A7ADF}.Debug|Any CPU.ActiveCfg = Debug|Any CPU
		{55E7B1AE-B3BA-4869-8374-2D90AD4A7ADF}.Debug|Any CPU.Build.0 = Debug|Any CPU
		{55E7B1AE-B3BA-4869-8374-2D90AD4A7ADF}.Release|Any CPU.ActiveCfg = Release|Any CPU
		{55E7B1AE-B3BA-4869-8374-2D90AD4A7ADF}.Release|Any CPU.Build.0 = Release|Any CPU
	EndGlobalSection
	GlobalSection(SolutionProperties) = preSolution
		HideSolutionNode = FALSE
	EndGlobalSection
	GlobalSection(ExtensibilityGlobals) = postSolution
		SolutionGuid = {87A203A5-14EA-4675-B612-00EA509D612B}
	EndGlobalSection
EndGlobal
